{
  "name": "i_full_cal",
  "version": "1.0.0",
  "lockfileVersion": 2,
  "requires": true,
  "packages": {
    "": {
      "version": "1.0.0",
      "license": "ISC",
      "dependencies": {
        "ical.js": "github:TimDaub/ical.js#feat/detect-module-mode-build",
        "idb": "^5.0.8"
      }
    },
    "node_modules/ical.js": {
      "version": "1.4.0",
      "resolved": "git+ssh://git@github.com/TimDaub/ical.js.git#6decc8c0a21bc38d0921c6ff01199b50a850ad0e",
      "license": "MPL-2.0"
    },
    "node_modules/idb": {
      "version": "5.0.8",
      "resolved": "https://registry.npmjs.org/idb/-/idb-5.0.8.tgz",
      "integrity": "sha512-K9xInRkVbT3ZsYimD2KVj6B4E93IBvOjEQTryu99WuuN7G+7x3SzA79+yubbX0QRN9V64Gi+L+ulG5QYTVydOg=="
    }
  },
  "dependencies": {
    "ical.js": {
      "version": "git+ssh://git@github.com/TimDaub/ical.js.git#6decc8c0a21bc38d0921c6ff01199b50a850ad0e",
      "from": "ical.js@github:TimDaub/ical.js#feat/detect-module-mode-build"
    },
    "idb": {
      "version": "5.0.8",
      "resolved": "https://registry.npmjs.org/idb/-/idb-5.0.8.tgz",
      "integrity": "sha512-K9xInRkVbT3ZsYimD2KVj6B4E93IBvOjEQTryu99WuuN7G+7x3SzA79+yubbX0QRN9V64Gi+L+ulG5QYTVydOg=="
    }
  }
}
